
Microsoft Visual Studio Solution File, Format Version 12.00
# Visual Studio 15
VisualStudioVersion = 15.0.26124.0
MinimumVisualStudioVersion = 15.0.26124.0
Project("{2150E333-8FDC-42A3-9474-1A3956D46DE8}") = "src", "src", "{A2A7CF2C-BBB2-41DB-9CCE-4C90FA673C73}"
EndProject
Project("{FAE04EC0-301F-11D3-BF4B-00C04F79EFBC}") = "SupremeTabs.Web", "src\SupremeTabs.Web\SupremeTabs.Web.csproj", "{27ABA503-5AC2-4A4E-A2D0-EB7A2FBD18AF}"
EndProject
Project("{2150E333-8FDC-42A3-9474-1A3956D46DE8}") = "Modules", "Modules", "{8B417373-2350-45BD-9F51-4955FD571B88}"
EndProject
Project("{FAE04EC0-301F-11D3-BF4B-00C04F79EFBC}") = "SupremeTabs.Core", "src\Modules\SupremeTabs.Core\SupremeTabs.Core.csproj", "{B8E1BCF8-808E-42A0-AB12-EC1EF4DA6785}"
EndProject
Project("{2150E333-8FDC-42A3-9474-1A3956D46DE8}") = "Themes", "Themes", "{690CECCA-49F9-4FFA-9151-72CF589F91C4}"
EndProject
Project("{FAE04EC0-301F-11D3-BF4B-00C04F79EFBC}") = "SupremeTabs.Theme", "src\Themes\SupremeTabs.Theme\SupremeTabs.Theme.csproj", "{63235559-1871-4636-A3E7-A8304F28AF17}"
EndProject
Global
	GlobalSection(SolutionConfigurationPlatforms) = preSolution
		Debug|Any CPU = Debug|Any CPU
		Debug|x64 = Debug|x64
		Debug|x86 = Debug|x86
		Release|Any CPU = Release|Any CPU
		Release|x64 = Release|x64
		Release|x86 = Release|x86
	EndGlobalSection
	GlobalSection(SolutionProperties) = preSolution
		HideSolutionNode = FALSE
	EndGlobalSection
	GlobalSection(ProjectConfigurationPlatforms) = postSolution
		{27ABA503-5AC2-4A4E-A2D0-EB7A2FBD18AF}.Debug|Any CPU.ActiveCfg = Debug|Any CPU
		{27ABA503-5AC2-4A4E-A2D0-EB7A2FBD18AF}.Debug|Any CPU.Build.0 = Debug|Any CPU
		{27ABA503-5AC2-4A4E-A2D0-EB7A2FBD18AF}.Debug|x64.ActiveCfg = Debug|Any CPU
		{27ABA503-5AC2-4A4E-A2D0-EB7A2FBD18AF}.Debug|x64.Build.0 = Debug|Any CPU
		{27ABA503-5AC2-4A4E-A2D0-EB7A2FBD18AF}.Debug|x86.ActiveCfg = Debug|Any CPU
		{27ABA503-5AC2-4A4E-A2D0-EB7A2FBD18AF}.Debug|x86.Build.0 = Debug|Any CPU
		{27ABA503-5AC2-4A4E-A2D0-EB7A2FBD18AF}.Release|Any CPU.ActiveCfg = Release|Any CPU
		{27ABA503-5AC2-4A4E-A2D0-EB7A2FBD18AF}.Release|Any CPU.Build.0 = Release|Any CPU
		{27ABA503-5AC2-4A4E-A2D0-EB7A2FBD18AF}.Release|x64.ActiveCfg = Release|Any CPU
		{27ABA503-5AC2-4A4E-A2D0-EB7A2FBD18AF}.Release|x64.Build.0 = Release|Any CPU
		{27ABA503-5AC2-4A4E-A2D0-EB7A2FBD18AF}.Release|x86.ActiveCfg = Release|Any CPU
		{27ABA503-5AC2-4A4E-A2D0-EB7A2FBD18AF}.Release|x86.Build.0 = Release|Any CPU
		{B8E1BCF8-808E-42A0-AB12-EC1EF4DA6785}.Debug|Any CPU.ActiveCfg = Debug|Any CPU
		{B8E1BCF8-808E-42A0-AB12-EC1EF4DA6785}.Debug|Any CPU.Build.0 = Debug|Any CPU
		{B8E1BCF8-808E-42A0-AB12-EC1EF4DA6785}.Debug|x64.ActiveCfg = Debug|Any CPU
		{B8E1BCF8-808E-42A0-AB12-EC1EF4DA6785}.Debug|x64.Build.0 = Debug|Any CPU
		{B8E1BCF8-808E-42A0-AB12-EC1EF4DA6785}.Debug|x86.ActiveCfg = Debug|Any CPU
		{B8E1BCF8-808E-42A0-AB12-EC1EF4DA6785}.Debug|x86.Build.0 = Debug|Any CPU
		{B8E1BCF8-808E-42A0-AB12-EC1EF4DA6785}.Release|Any CPU.ActiveCfg = Release|Any CPU
		{B8E1BCF8-808E-42A0-AB12-EC1EF4DA6785}.Release|Any CPU.Build.0 = Release|Any CPU
		{B8E1BCF8-808E-42A0-AB12-EC1EF4DA6785}.Release|x64.ActiveCfg = Release|Any CPU
		{B8E1BCF8-808E-42A0-AB12-EC1EF4DA6785}.Release|x64.Build.0 = Release|Any CPU
		{B8E1BCF8-808E-42A0-AB12-EC1EF4DA6785}.Release|x86.ActiveCfg = Release|Any CPU
		{B8E1BCF8-808E-42A0-AB12-EC1EF4DA6785}.Release|x86.Build.0 = Release|Any CPU
		{63235559-1871-4636-A3E7-A8304F28AF17}.Debug|Any CPU.ActiveCfg = Debug|Any CPU
		{63235559-1871-4636-A3E7-A8304F28AF17}.Debug|Any CPU.Build.0 = Debug|Any CPU
		{63235559-1871-4636-A3E7-A8304F28AF17}.Debug|x64.ActiveCfg = Debug|Any CPU
		{63235559-1871-4636-A3E7-A8304F28AF17}.Debug|x64.Build.0 = Debug|Any CPU
		{63235559-1871-4636-A3E7-A8304F28AF17}.Debug|x86.ActiveCfg = Debug|Any CPU
		{63235559-1871-4636-A3E7-A8304F28AF17}.Debug|x86.Build.0 = Debug|Any CPU
		{63235559-1871-4636-A3E7-A8304F28AF17}.Release|Any CPU.ActiveCfg = Release|Any CPU
		{63235559-1871-4636-A3E7-A8304F28AF17}.Release|Any CPU.Build.0 = Release|Any CPU
		{63235559-1871-4636-A3E7-A8304F28AF17}.Release|x64.ActiveCfg = Release|Any CPU
		{63235559-1871-4636-A3E7-A8304F28AF17}.Release|x64.Build.0 = Release|Any CPU
		{63235559-1871-4636-A3E7-A8304F28AF17}.Release|x86.ActiveCfg = Release|Any CPU
		{63235559-1871-4636-A3E7-A8304F28AF17}.Release|x86.Build.0 = Release|Any CPU
	EndGlobalSection
	GlobalSection(NestedProjects) = preSolution
		{27ABA503-5AC2-4A4E-A2D0-EB7A2FBD18AF} = {A2A7CF2C-BBB2-41DB-9CCE-4C90FA673C73}
		{8B417373-2350-45BD-9F51-4955FD571B88} = {A2A7CF2C-BBB2-41DB-9CCE-4C90FA673C73}
		{B8E1BCF8-808E-42A0-AB12-EC1EF4DA6785} = {8B417373-2350-45BD-9F51-4955FD571B88}
		{690CECCA-49F9-4FFA-9151-72CF589F91C4} = {A2A7CF2C-BBB2-41DB-9CCE-4C90FA673C73}
		{63235559-1871-4636-A3E7-A8304F28AF17} = {690CECCA-49F9-4FFA-9151-72CF589F91C4}
	EndGlobalSection
EndGlobal
